// !$*UTF8*$!
{
	archiveVersion = 1;
	classes = {
	};
	objectVersion = 50;
	objects = {

/* Begin PBXBuildFile section */
		CC02142421274CF1000E621F /* GameEndViewController.swift in Sources */ = {isa = PBXBuildFile; fileRef = CC02142321274CF1000E621F /* GameEndViewController.swift */; };
		CC75A6FD2138AEAF0013B119 /* arc4random.swift in Sources */ = {isa = PBXBuildFile; fileRef = CC75A6FC2138AEAF0013B119 /* arc4random.swift */; };
		CC75A6FF2138AF520013B119 /* themes.swift in Sources */ = {isa = PBXBuildFile; fileRef = CC75A6FE2138AF520013B119 /* themes.swift */; };
		CCD1093221255A810007B33F /* AppDelegate.swift in Sources */ = {isa = PBXBuildFile; fileRef = CCD1093121255A810007B33F /* AppDelegate.swift */; };
		CCD1093421255A810007B33F /* ViewController.swift in Sources */ = {isa = PBXBuildFile; fileRef = CCD1093321255A810007B33F /* ViewController.swift */; };
		CCD1093721255A810007B33F /* Main.storyboard in Resources */ = {isa = PBXBuildFile; fileRef = CCD1093521255A810007B33F /* Main.storyboard */; };
		CCD1093921255A820007B33F /* Assets.xcassets in Resources */ = {isa = PBXBuildFile; fileRef = CCD1093821255A820007B33F /* Assets.xcassets */; };
		CCD1093C21255A820007B33F /* LaunchScreen.storyboard in Resources */ = {isa = PBXBuildFile; fileRef = CCD1093A21255A820007B33F /* LaunchScreen.storyboard */; };
		CCD109452125774A0007B33F /* ConcentrationModel.swift in Sources */ = {isa = PBXBuildFile; fileRef = CCD109442125774A0007B33F /* ConcentrationModel.swift */; };
		CCD10947212578350007B33F /* Card.swift in Sources */ = {isa = PBXBuildFile; fileRef = CCD10946212578350007B33F /* Card.swift */; };
/* End PBXBuildFile section */

/* Begin PBXFileReference section */
		CC02142321274CF1000E621F /* GameEndViewController.swift */ = {isa = PBXFileReference; lastKnownFileType = sourcecode.swift; path = GameEndViewController.swift; sourceTree = "<group>"; };
		CC75A6FC2138AEAF0013B119 /* arc4random.swift */ = {isa = PBXFileReference; lastKnownFileType = sourcecode.swift; path = arc4random.swift; sourceTree = "<group>"; };
		CC75A6FE2138AF520013B119 /* themes.swift */ = {isa = PBXFileReference; lastKnownFileType = sourcecode.swift; path = themes.swift; sourceTree = "<group>"; };
		CCD1092E21255A810007B33F /* Concentration.app */ = {isa = PBXFileReference; explicitFileType = wrapper.application; includeInIndex = 0; path = Concentration.app; sourceTree = BUILT_PRODUCTS_DIR; };
		CCD1093121255A810007B33F /* AppDelegate.swift */ = {isa = PBXFileReference; lastKnownFileType = sourcecode.swift; path = AppDelegate.swift; sourceTree = "<group>"; };
		CCD1093321255A810007B33F /* ViewController.swift */ = {isa = PBXFileReference; lastKnownFileType = sourcecode.swift; path = ViewController.swift; sourceTree = "<group>"; };
		CCD1093621255A810007B33F /* Base */ = {isa = PBXFileReference; lastKnownFileType = file.storyboard; name = Base; path = Base.lproj/Main.storyboard; sourceTree = "<group>"; };
		CCD1093821255A820007B33F /* Assets.xcassets */ = {isa = PBXFileReference; lastKnownFileType = folder.assetcatalog; path = Assets.xcassets; sourceTree = "<group>"; };
		CCD1093B21255A820007B33F /* Base */ = {isa = PBXFileReference; lastKnownFileType = file.storyboard; name = Base; path = Base.lproj/LaunchScreen.storyboard; sourceTree = "<group>"; };
		CCD1093D21255A820007B33F /* Info.plist */ = {isa = PBXFileReference; lastKnownFileType = text.plist.xml; path = Info.plist; sourceTree = "<group>"; };
		CCD109442125774A0007B33F /* ConcentrationModel.swift */ = {isa = PBXFileReference; lastKnownFileType = sourcecode.swift; path = ConcentrationModel.swift; sourceTree = "<group>"; };
		CCD10946212578350007B33F /* Card.swift */ = {isa = PBXFileReference; lastKnownFileType = sourcecode.swift; path = Card.swift; sourceTree = "<group>"; };
/* End PBXFileReference section */

/* Begin PBXFrameworksBuildPhase section */
		CCD1092B21255A810007B33F /* Frameworks */ = {
			isa = PBXFrameworksBuildPhase;
			buildActionMask = 2147483647;
			files = (
			);
			runOnlyForDeploymentPostprocessing = 0;
		};
/* End PBXFrameworksBuildPhase section */

/* Begin PBXGroup section */
		CCD1092521255A810007B33F = {
			isa = PBXGroup;
			children = (
				CCD1093021255A810007B33F /* Concentration */,
				CCD1092F21255A810007B33F /* Products */,
			);
			sourceTree = "<group>";
		};
		CCD1092F21255A810007B33F /* Products */ = {
			isa = PBXGroup;
			children = (
				CCD1092E21255A810007B33F /* Concentration.app */,
			);
			name = Products;
			sourceTree = "<group>";
		};
		CCD1093021255A810007B33F /* Concentration */ = {
			isa = PBXGroup;
			children = (
				CCD1093121255A810007B33F /* AppDelegate.swift */,
				CCD1093321255A810007B33F /* ViewController.swift */,
				CC02142321274CF1000E621F /* GameEndViewController.swift */,
				CCD109442125774A0007B33F /* ConcentrationModel.swift */,
				CCD1093521255A810007B33F /* Main.storyboard */,
				CCD10946212578350007B33F /* Card.swift */,
				CCD1093821255A820007B33F /* Assets.xcassets */,
				CCD1093A21255A820007B33F /* LaunchScreen.storyboard */,
				CCD1093D21255A820007B33F /* Info.plist */,
				CC75A6FC2138AEAF0013B119 /* arc4random.swift */,
				CC75A6FE2138AF520013B119 /* themes.swift */,
			);
			path = Concentration;
			sourceTree = "<group>";
		};
/* End PBXGroup section */

/* Begin PBXNativeTarget section */
		CCD1092D21255A810007B33F /* Concentration */ = {
			isa = PBXNativeTarget;
			buildConfigurationList = CCD1094021255A820007B33F /* Build configuration list for PBXNativeTarget "Concentration" */;
			buildPhases = (
				CCD1092A21255A810007B33F /* Sources */,
				CCD1092B21255A810007B33F /* Frameworks */,
				CCD1092C21255A810007B33F /* Resources */,
			);
			buildRules = (
			);
			dependencies = (
			);
			name = Concentration;
			productName = Concentration;
			productReference = CCD1092E21255A810007B33F /* Concentration.app */;
			productType = "com.apple.product-type.application";
		};
/* End PBXNativeTarget section */

/* Begin PBXProject section */
		CCD1092621255A810007B33F /* Project object */ = {
			isa = PBXProject;
			attributes = {
				LastSwiftUpdateCheck = 0940;
				LastUpgradeCheck = 0940;
				ORGANIZATIONNAME = Doodle;
				TargetAttributes = {
					CCD1092D21255A810007B33F = {
						CreatedOnToolsVersion = 9.4.1;
					};
				};
			};
			buildConfigurationList = CCD1092921255A810007B33F /* Build configuration list for PBXProject "Concentration" */;
			compatibilityVersion = "Xcode 9.3";
			developmentRegion = en;
			hasScannedForEncodings = 0;
			knownRegions = (
				en,
				Base,
			);
			mainGroup = CCD1092521255A810007B33F;
			productRefGroup = CCD1092F21255A810007B33F /* Products */;
			projectDirPath = "";
			projectRoot = "";
			targets = (
				CCD1092D21255A810007B33F /* Concentration */,
			);
		};
/* End PBXProject section */

/* Begin PBXResourcesBuildPhase section */
		CCD1092C21255A810007B33F /* Resources */ = {
			isa = PBXResourcesBuildPhase;
			buildActionMask = 2147483647;
			files = (
				CCD1093C21255A820007B33F /* LaunchScreen.storyboard in Resources */,
				CCD1093921255A820007B33F /* Assets.xcassets in Resources */,
				CCD1093721255A810007B33F /* Main.storyboard in Resources */,
			);
			runOnlyForDeploymentPostprocessing = 0;
		};
/* End PBXResourcesBuildPhase section */

/* Begin PBXSourcesBuildPhase section */
		CCD1092A21255A810007B33F /* Sources */ = {
			isa = PBXSourcesBuildPhase;
			buildActionMask = 2147483647;
			files = (
				CCD1093421255A810007B33F /* ViewController.swift in Sources */,
				CC75A6FF2138AF520013B119 /* themes.swift in Sources */,
				CC02142421274CF1000E621F /* GameEndViewController.swift in Sources */,
				CC75A6FD2138AEAF0013B119 /* arc4random.swift in Sources */,
				CCD109452125774A0007B33F /* ConcentrationModel.swift in Sources */,
				CCD1093221255A810007B33F /* AppDelegate.swift in Sources */,
				CCD10947212578350007B33F /* Card.swift in Sources */,
			);
			runOnlyForDeploymentPostprocessing = 0;
		};
/* End PBXSourcesBuildPhase section */

/* Begin PBXVariantGroup section */
		CCD1093521255A810007B33F /* Main.storyboard */ = {
			isa = PBXVariantGroup;
			children = (
				CCD1093621255A810007B33F /* Base */,
			);
			name = Main.storyboard;
			sourceTree = "<group>";
		};
		CCD1093A21255A820007B33F /* LaunchScreen.storyboard */ = {
			isa = PBXVariantGroup;
			children = (
				CCD1093B21255A820007B33F /* Base */,
			);
			name = LaunchScreen.storyboard;
			sourceTree = "<group>";
		};
/* End PBXVariantGroup section */

/* Begin XCBuildConfiguration section */
		CCD1093E21255A820007B33F /* Debug */ = {
			isa = XCBuildConfiguration;
			buildSettings = {
				ALWAYS_SEARCH_USER_PATHS = NO;
				CLANG_ANALYZER_NONNULL = YES;
				CLANG_ANALYZER_NUMBER_OBJECT_CONVERSION = YES_AGGRESSIVE;
				CLANG_CXX_LANGUAGE_STANDARD = "gnu++14";
				CLANG_CXX_LIBRARY = "libc++";
				CLANG_ENABLE_MODULES = YES;
				CLANG_ENABLE_OBJC_ARC = YES;
				CLANG_ENABLE_OBJC_WEAK = YES;
				CLANG_WARN_BLOCK_CAPTURE_AUTORELEASING = YES;
				CLANG_WARN_BOOL_CONVERSION = YES;
				CLANG_WARN_COMMA = YES;
				CLANG_WARN_CONSTANT_CONVERSION = YES;
				CLANG_WARN_DEPRECATED_OBJC_IMPLEMENTATIONS = YES;
				CLANG_WARN_DIRECT_OBJC_ISA_USAGE = YES_ERROR;
				CLANG_WARN_DOCUMENTATION_COMMENTS = YES;
				CLANG_WARN_EMPTY_BODY = YES;
				CLANG_WARN_ENUM_CONVERSION = YES;
				CLANG_WARN_INFINITE_RECURSION = YES;
				CLANG_WARN_INT_CONVERSION = YES;
				CLANG_WARN_NON_LITERAL_NULL_CONVERSION = YES;
				CLANG_WARN_OBJC_IMPLICIT_RETAIN_SELF = YES;
				CLANG_WARN_OBJC_LITERAL_CONVERSION = YES;
				CLANG_WARN_OBJC_ROOT_CLASS = YES_ERROR;
				CLANG_WARN_RANGE_LOOP_ANALYSIS = YES;
				CLANG_WARN_STRICT_PROTOTYPES = YES;
				CLANG_WARN_SUSPICIOUS_MOVE = YES;
				CLANG_WARN_UNGUARDED_AVAILABILITY = YES_AGGRESSIVE;
				CLANG_WARN_UNREACHABLE_CODE = YES;
				CLANG_WARN__DUPLICATE_METHOD_MATCH = YES;
				CODE_SIGN_IDENTITY = "iPhone Developer";
				COPY_PHASE_STRIP = NO;
				DEBUG_INFORMATION_FORMAT = dwarf;
				ENABLE_STRICT_OBJC_MSGSEND = YES;
				ENABLE_TESTABILITY = YES;
				GCC_C_LANGUAGE_STANDARD = gnu11;
				GCC_DYNAMIC_NO_PIC = NO;
				GCC_NO_COMMON_BLOCKS = YES;
				GCC_OPTIMIZATION_LEVEL = 0;
				GCC_PREPROCESSOR_DEFINITIONS = (
					"DEBUG=1",
					"$(inherited)",
				);
				GCC_WARN_64_TO_32_BIT_CONVERSION = YES;
				GCC_WARN_ABOUT_RETURN_TYPE = YES_ERROR;
				GCC_WARN_UNDECLARED_SELECTOR = YES;
				GCC_WARN_UNINITIALIZED_AUTOS = YES_AGGRESSIVE;
				GCC_WARN_UNUSED_FUNCTION = YES;
				GCC_WARN_UNUSED_VARIABLE = YES;
				IPHONEOS_DEPLOYMENT_TARGET = 11.4;
				MTL_ENABLE_DEBUG_INFO = YES;
				ONLY_ACTIVE_ARCH = YES;
				SDKROOT = iphoneos;
				SWIFT_ACTIVE_COMPILATION_CONDITIONS = DEBUG;
				SWIFT_OPTIMIZATION_LEVEL = "-Onone";
			};
			name = Debug;
		};
		CCD1093F21255A820007B33F /* Release */ = {
			isa = XCBuildConfiguration;
			buildSettings = {
				ALWAYS_SEARCH_USER_PATHS = NO;
				CLANG_ANALYZER_NONNULL = YES;
				CLANG_ANALYZER_NUMBER_OBJECT_CONVERSION = YES_AGGRESSIVE;
				CLANG_CXX_LANGUAGE_STANDARD = "gnu++14";
				CLANG_CXX_LIBRARY = "libc++";
				CLANG_ENABLE_MODULES = YES;
				CLANG_ENABLE_OBJC_ARC = YES;
				CLANG_ENABLE_OBJC_WEAK = YES;
				CLANG_WARN_BLOCK_CAPTURE_AUTORELEASING = YES;
				CLANG_WARN_BOOL_CONVERSION = YES;
				CLANG_WARN_COMMA = YES;
				CLANG_WARN_CONSTANT_CONVERSION = YES;
				CLANG_WARN_DEPRECATED_OBJC_IMPLEMENTATIONS = YES;
				CLANG_WARN_DIRECT_OBJC_ISA_USAGE = YES_ERROR;
				CLANG_WARN_DOCUMENTATION_COMMENTS = YES;
				CLANG_WARN_EMPTY_BODY = YES;
				CLANG_WARN_ENUM_CONVERSION = YES;
				CLANG_WARN_INFINITE_RECURSION = YES;
				CLANG_WARN_INT_CONVERSION = YES;
				CLANG_WARN_NON_LITERAL_NULL_CONVERSION = YES;
				CLANG_WARN_OBJC_IMPLICIT_RETAIN_SELF = YES;
				CLANG_WARN_OBJC_LITERAL_CONVERSION = YES;
				CLANG_WARN_OBJC_ROOT_CLASS = YES_ERROR;
				CLANG_WARN_RANGE_LOOP_ANALYSIS = YES;
				CLANG_WARN_STRICT_PROTOTYPES = YES;
				CLANG_WARN_SUSPICIOUS_MOVE = YES;
				CLANG_WARN_UNGUARDED_AVAILABILITY = YES_AGGRESSIVE;
				CLANG_WARN_UNREACHABLE_CODE = YES;
				CLANG_WARN__DUPLICATE_METHOD_MATCH = YES;
				CODE_SIGN_IDENTITY = "iPhone Developer";
				COPY_PHASE_STRIP = NO;
				DEBUG_INFORMATION_FORMAT = "dwarf-with-dsym";
				ENABLE_NS_ASSERTIONS = NO;
				ENABLE_STRICT_OBJC_MSGSEND = YES;
				GCC_C_LANGUAGE_STANDARD = gnu11;
				GCC_NO_COMMON_BLOCKS = YES;
				GCC_WARN_64_TO_32_BIT_CONVERSION = YES;
				GCC_WARN_ABOUT_RETURN_TYPE = YES_ERROR;
				GCC_WARN_UNDECLARED_SELECTOR = YES;
				GCC_WARN_UNINITIALIZED_AUTOS = YES_AGGRESSIVE;
				GCC_WARN_UNUSED_FUNCTION = YES;
				GCC_WARN_UNUSED_VARIABLE = YES;
				IPHONEOS_DEPLOYMENT_TARGET = 11.4;
				MTL_ENABLE_DEBUG_INFO = NO;
				SDKROOT = iphoneos;
				SWIFT_COMPILATION_MODE = wholemodule;
				SWIFT_OPTIMIZATION_LEVEL = "-O";
				VALIDATE_PRODUCT = YES;
			};
			name = Release;
		};
		CCD1094121255A820007B33F /* Debug */ = {
			isa = XCBuildConfiguration;
			buildSettings = {
				ASSETCATALOG_COMPILER_APPICON_NAME = AppIcon;
				CODE_SIGN_STYLE = Automatic;
				DEVELOPMENT_TEAM = 8TJMF2A767;
				INFOPLIST_FILE = Concentration/Info.plist;
				LD_RUNPATH_SEARCH_PATHS = (
					"$(inherited)",
					"@executable_path/Frameworks",
				);
				PRODUCT_BUNDLE_IDENTIFIER = com.Doodle.someIdentifier.Concentration;
				PRODUCT_NAME = "$(TARGET_NAME)";
				SWIFT_VERSION = 4.0;
				TARGETED_DEVICE_FAMILY = "1,2";
			};
			name = Debug;
		};
		CCD1094221255A820007B33F /* Release */ = {
			isa = XCBuildConfiguration;
			buildSettings = {
				ASSETCATALOG_COMPILER_APPICON_NAME = AppIcon;
				CODE_SIGN_STYLE = Automatic;
				DEVELOPMENT_TEAM = 8TJMF2A767;
				INFOPLIST_FILE = Concentration/Info.plist;
				LD_RUNPATH_SEARCH_PATHS = (
					"$(inherited)",
					"@executable_path/Frameworks",
				);
				PRODUCT_BUNDLE_IDENTIFIER = com.Doodle.someIdentifier.Concentration;
				PRODUCT_NAME = "$(TARGET_NAME)";
				SWIFT_VERSION = 4.0;
				TARGETED_DEVICE_FAMILY = "1,2";
			};
			name = Release;
		};
/* End XCBuildConfiguration section */

/* Begin XCConfigurationList section */
		CCD1092921255A810007B33F /* Build configuration list for PBXProject "Concentration" */ = {
			isa = XCConfigurationList;
			buildConfigurations = (
				CCD1093E21255A820007B33F /* Debug */,
				CCD1093F21255A820007B33F /* Release */,
			);
			defaultConfigurationIsVisible = 0;
			defaultConfigurationName = Release;
		};
		CCD1094021255A820007B33F /* Build configuration list for PBXNativeTarget "Concentration" */ = {
			isa = XCConfigurationList;
			buildConfigurations = (
				CCD1094121255A820007B33F /* Debug */,
				CCD1094221255A820007B33F /* Release */,
			);
			defaultConfigurationIsVisible = 0;
			defaultConfigurationName = Release;
		};
/* End XCConfigurationList section */
	};
	rootObject = CCD1092621255A810007B33F /* Project object */;
}
